Microsoft Visual Studio Solution File, Format Version 12.00
# Visual Studio Version 17
VisualStudioVersion = 17.5.2.0
MinimumVisualStudioVersion = 10.0.40219.1
Project("{2150E333-8FDC-42A3-9474-1A3956D46DE8}") = "day1", "day1", "{A80DBF83-DCD5-128A-3B07-83B9CCE4E82C}"
EndProject
Project("{2150E333-8FDC-42A3-9474-1A3956D46DE8}") = "hello", "hello", "{0113D309-5187-4BA8-2316-0A37612D9C80}"
EndProject
Project("{FAE04EC0-301F-11D3-BF4B-00C04F79EFBC}") = "hello", "day1\hello\hello\hello.csproj", "{5F32EF7B-BD61-BA82-BAD4-50839C5E2EBF}"
EndProject
Global
	GlobalSection(SolutionConfigurationPlatforms) = preSolution
		Debug|Any CPU = Debug|Any CPU
		Release|Any CPU = Release|Any CPU
	EndGlobalSection
	GlobalSection(ProjectConfigurationPlatforms) = postSolution
		{5F32EF7B-BD61-BA82-BAD4-50839C5E2EBF}.Debug|Any CPU.ActiveCfg = Debug|Any CPU
		{5F32EF7B-BD61-BA82-BAD4-50839C5E2EBF}.Debug|Any CPU.Build.0 = Debug|Any CPU
		{5F32EF7B-BD61-BA82-BAD4-50839C5E2EBF}.Release|Any CPU.ActiveCfg = Release|Any CPU
		{5F32EF7B-BD61-BA82-BAD4-50839C5E2EBF}.Release|Any CPU.Build.0 = Release|Any CPU
	EndGlobalSection
	GlobalSection(SolutionProperties) = preSolution
		HideSolutionNode = FALSE
	EndGlobalSection
	GlobalSection(NestedProjects) = preSolution
		{0113D309-5187-4BA8-2316-0A37612D9C80} = {A80DBF83-DCD5-128A-3B07-83B9CCE4E82C}
		{5F32EF7B-BD61-BA82-BAD4-50839C5E2EBF} = {0113D309-5187-4BA8-2316-0A37612D9C80}
	EndGlobalSection
	GlobalSection(ExtensibilityGlobals) = postSolution
		SolutionGuid = {9E90D610-4EC0-4EB1-A26A-7F74BF5A0BEA}
	EndGlobalSection
EndGlobal
