Microsoft Visual Studio Solution File, Format Version 12.00
# Visual Studio Version 17
VisualStudioVersion = 17.5.2.0
MinimumVisualStudioVersion = 10.0.40219.1
Project("{2150E333-8FDC-42A3-9474-1A3956D46DE8}") = "day1", "day1", "{A80DBF83-DCD5-128A-3B07-83B9CCE4E82C}"
EndProject
Project("{2150E333-8FDC-42A3-9474-1A3956D46DE8}") = "day3-OOPS", "day3-OOPS", "{C00F9AE5-2C6C-83EA-96B4-ED102211EBFC}"
EndProject
Project("{2150E333-8FDC-42A3-9474-1A3956D46DE8}") = "day2Cond-Loops", "day2Cond-Loops", "{4B70F044-4820-6625-6405-8DBC0E11D580}"
EndProject
Project("{FAE04EC0-301F-11D3-BF4B-00C04F79EFBC}") = "area", "day1\area\area.csproj", "{BABBA327-0703-9265-95EF-5F45E957D791}"
EndProject
Project("{FAE04EC0-301F-11D3-BF4B-00C04F79EFBC}") = "lengthConv", "day1\lengthConv\lengthConv.csproj", "{46A98545-F331-1859-BD4F-ED9BDC1DDC88}"
EndProject
Project("{FAE04EC0-301F-11D3-BF4B-00C04F79EFBC}") = "Account", "day3-OOPS\Account\Account.csproj", "{ACA7E6BE-1CED-AFDA-B8A2-EA744D3A6CFC}"
EndProject
Project("{FAE04EC0-301F-11D3-BF4B-00C04F79EFBC}") = "add", "day3-OOPS\add\add.csproj", "{01E6A200-60F7-7006-2A6F-2B97A33D128D}"
EndProject
Project("{FAE04EC0-301F-11D3-BF4B-00C04F79EFBC}") = "ConstructorClass", "day3-OOPS\ConstructorClass\ConstructorClass.csproj", "{BAD0CD5C-AA67-44F9-4B6E-37C5DD4A176B}"
EndProject
Project("{FAE04EC0-301F-11D3-BF4B-00C04F79EFBC}") = "exField", "day3-OOPS\exField\exField.csproj", "{4A3976FA-35B7-4E3F-01F4-C29F245D6FE6}"
EndProject
Project("{FAE04EC0-301F-11D3-BF4B-00C04F79EFBC}") = "overriding", "day3-OOPS\overriding\overriding.csproj", "{D14FE1DE-4FD1-8DCF-3AAA-91D7F30E82BE}"
EndProject
Project("{FAE04EC0-301F-11D3-BF4B-00C04F79EFBC}") = "PersonClass", "day3-OOPS\PersonClass\PersonClass.csproj", "{E4780E6D-DA86-7A87-0F93-A4D9251FA8A4}"
EndProject
Project("{FAE04EC0-301F-11D3-BF4B-00C04F79EFBC}") = "StudentClass", "day3-OOPS\StudentClass\StudentClass.csproj", "{EEDF92D8-895E-22F0-4AEF-E286D5821A6A}"
EndProject
Project("{2150E333-8FDC-42A3-9474-1A3956D46DE8}") = "adult", "adult", "{AA600CCB-7B86-7B5E-8A0C-3F9D5EF1174C}"
EndProject
Project("{FAE04EC0-301F-11D3-BF4B-00C04F79EFBC}") = "adult", "day1\adult\adult\adult.csproj", "{EFF5FC86-0A77-FD60-0C90-18A1E0582133}"
EndProject
Project("{2150E333-8FDC-42A3-9474-1A3956D46DE8}") = "hello", "hello", "{0113D309-5187-4BA8-2316-0A37612D9C80}"
EndProject
Project("{FAE04EC0-301F-11D3-BF4B-00C04F79EFBC}") = "hello", "day1\hello\hello\hello.csproj", "{5F32EF7B-BD61-BA82-BAD4-50839C5E2EBF}"
EndProject
Project("{2150E333-8FDC-42A3-9474-1A3956D46DE8}") = "cond", "cond", "{7407C8E6-C749-AC82-E443-796A5CB93465}"
EndProject
Project("{FAE04EC0-301F-11D3-BF4B-00C04F79EFBC}") = "AtmWithdrawal", "day2Cond-Loops\cond\AtmWithdrawal\AtmWithdrawal.csproj", "{AAF6ABC8-81D1-328B-E875-DE4F59355879}"
EndProject
Project("{FAE04EC0-301F-11D3-BF4B-00C04F79EFBC}") = "calculator", "day2Cond-Loops\cond\calculator\calculator.csproj", "{DE9AB35F-6A68-ABE3-513D-3174DD238B3F}"
EndProject
Project("{FAE04EC0-301F-11D3-BF4B-00C04F79EFBC}") = "elec", "day2Cond-Loops\cond\elec\elec.csproj", "{D35BC410-EA4A-ECF3-405C-333B28EB3C29}"
EndProject
Project("{FAE04EC0-301F-11D3-BF4B-00C04F79EFBC}") = "leapyear", "day2Cond-Loops\cond\leapyear\leapyear.csproj", "{F80391BA-1863-B0AD-765D-24D0275F2458}"
EndProject
Project("{FAE04EC0-301F-11D3-BF4B-00C04F79EFBC}") = "ProfitLoss", "day2Cond-Loops\cond\ProfitLoss\ProfitLoss.csproj", "{CB024FD9-8954-B859-FE48-A2D7764CF0BD}"
EndProject
Project("{FAE04EC0-301F-11D3-BF4B-00C04F79EFBC}") = "VowelConsonant", "day2Cond-Loops\cond\VowelConsonant\VowelConsonant.csproj", "{158CB267-3258-643B-E610-C2E0D2DC3C08}"
EndProject
Project("{2150E333-8FDC-42A3-9474-1A3956D46DE8}") = "loops", "loops", "{901C50CD-58DC-2EBD-6EFC-FBF6A1536DCE}"
EndProject
Project("{FAE04EC0-301F-11D3-BF4B-00C04F79EFBC}") = "Armstrong", "day2Cond-Loops\loops\Armstrong\Armstrong.csproj", "{615E4630-9F0A-F548-3A12-651D13D2449F}"
EndProject
Project("{FAE04EC0-301F-11D3-BF4B-00C04F79EFBC}") = "binaryToDecimal", "day2Cond-Loops\loops\binaryToDecimal\binaryToDecimal.csproj", "{639644A2-4777-E440-34D2-D7A61F068EE8}"
EndProject
Project("{FAE04EC0-301F-11D3-BF4B-00C04F79EFBC}") = "Fibonacci", "day2Cond-Loops\loops\Fibonacci\Fibonacci.csproj", "{30D6F05B-19A6-FEDF-7CBA-047C6F7D5816}"
EndProject
Project("{FAE04EC0-301F-11D3-BF4B-00C04F79EFBC}") = "GCD", "day2Cond-Loops\loops\GCD\GCD.csproj", "{5EC52580-0C12-4E2E-C854-5EA0EC92D7C8}"
EndProject
Project("{FAE04EC0-301F-11D3-BF4B-00C04F79EFBC}") = "Palindrome", "day2Cond-Loops\loops\Palindrome\Palindrome.csproj", "{B53B9B3D-E45B-040D-500D-4C4208356B05}"
EndProject
Project("{FAE04EC0-301F-11D3-BF4B-00C04F79EFBC}") = "PascalTriangle", "day2Cond-Loops\loops\PascalTriangle\PascalTriangle.csproj", "{933F9C72-36EE-D109-51CD-AE878CDC798B}"
EndProject
Project("{FAE04EC0-301F-11D3-BF4B-00C04F79EFBC}") = "prime", "day2Cond-Loops\loops\prime\prime.csproj", "{25497744-E410-7933-6AFA-5FE48943E9CD}"
EndProject
Project("{FAE04EC0-301F-11D3-BF4B-00C04F79EFBC}") = "SumOfDigits", "day2Cond-Loops\loops\SumOfDigits\SumOfDigits.csproj", "{86ADF5C5-E098-20E6-7E02-BABF617F08ED}"
EndProject
Global
	GlobalSection(SolutionConfigurationPlatforms) = preSolution
		Debug|Any CPU = Debug|Any CPU
		Release|Any CPU = Release|Any CPU
	EndGlobalSection
	GlobalSection(ProjectConfigurationPlatforms) = postSolution
		{BABBA327-0703-9265-95EF-5F45E957D791}.Debug|Any CPU.ActiveCfg = Debug|Any CPU
		{BABBA327-0703-9265-95EF-5F45E957D791}.Debug|Any CPU.Build.0 = Debug|Any CPU
		{BABBA327-0703-9265-95EF-5F45E957D791}.Release|Any CPU.ActiveCfg = Release|Any CPU
		{BABBA327-0703-9265-95EF-5F45E957D791}.Release|Any CPU.Build.0 = Release|Any CPU
		{46A98545-F331-1859-BD4F-ED9BDC1DDC88}.Debug|Any CPU.ActiveCfg = Debug|Any CPU
		{46A98545-F331-1859-BD4F-ED9BDC1DDC88}.Debug|Any CPU.Build.0 = Debug|Any CPU
		{46A98545-F331-1859-BD4F-ED9BDC1DDC88}.Release|Any CPU.ActiveCfg = Release|Any CPU
		{46A98545-F331-1859-BD4F-ED9BDC1DDC88}.Release|Any CPU.Build.0 = Release|Any CPU
		{ACA7E6BE-1CED-AFDA-B8A2-EA744D3A6CFC}.Debug|Any CPU.ActiveCfg = Debug|Any CPU
		{ACA7E6BE-1CED-AFDA-B8A2-EA744D3A6CFC}.Debug|Any CPU.Build.0 = Debug|Any CPU
		{ACA7E6BE-1CED-AFDA-B8A2-EA744D3A6CFC}.Release|Any CPU.ActiveCfg = Release|Any CPU
		{ACA7E6BE-1CED-AFDA-B8A2-EA744D3A6CFC}.Release|Any CPU.Build.0 = Release|Any CPU
		{01E6A200-60F7-7006-2A6F-2B97A33D128D}.Debug|Any CPU.ActiveCfg = Debug|Any CPU
		{01E6A200-60F7-7006-2A6F-2B97A33D128D}.Debug|Any CPU.Build.0 = Debug|Any CPU
		{01E6A200-60F7-7006-2A6F-2B97A33D128D}.Release|Any CPU.ActiveCfg = Release|Any CPU
		{01E6A200-60F7-7006-2A6F-2B97A33D128D}.Release|Any CPU.Build.0 = Release|Any CPU
		{BAD0CD5C-AA67-44F9-4B6E-37C5DD4A176B}.Debug|Any CPU.ActiveCfg = Debug|Any CPU
		{BAD0CD5C-AA67-44F9-4B6E-37C5DD4A176B}.Debug|Any CPU.Build.0 = Debug|Any CPU
		{BAD0CD5C-AA67-44F9-4B6E-37C5DD4A176B}.Release|Any CPU.ActiveCfg = Release|Any CPU
		{BAD0CD5C-AA67-44F9-4B6E-37C5DD4A176B}.Release|Any CPU.Build.0 = Release|Any CPU
		{4A3976FA-35B7-4E3F-01F4-C29F245D6FE6}.Debug|Any CPU.ActiveCfg = Debug|Any CPU
		{4A3976FA-35B7-4E3F-01F4-C29F245D6FE6}.Debug|Any CPU.Build.0 = Debug|Any CPU
		{4A3976FA-35B7-4E3F-01F4-C29F245D6FE6}.Release|Any CPU.ActiveCfg = Release|Any CPU
		{4A3976FA-35B7-4E3F-01F4-C29F245D6FE6}.Release|Any CPU.Build.0 = Release|Any CPU
		{D14FE1DE-4FD1-8DCF-3AAA-91D7F30E82BE}.Debug|Any CPU.ActiveCfg = Debug|Any CPU
		{D14FE1DE-4FD1-8DCF-3AAA-91D7F30E82BE}.Debug|Any CPU.Build.0 = Debug|Any CPU
		{D14FE1DE-4FD1-8DCF-3AAA-91D7F30E82BE}.Release|Any CPU.ActiveCfg = Release|Any CPU
		{D14FE1DE-4FD1-8DCF-3AAA-91D7F30E82BE}.Release|Any CPU.Build.0 = Release|Any CPU
		{E4780E6D-DA86-7A87-0F93-A4D9251FA8A4}.Debug|Any CPU.ActiveCfg = Debug|Any CPU
		{E4780E6D-DA86-7A87-0F93-A4D9251FA8A4}.Debug|Any CPU.Build.0 = Debug|Any CPU
		{E4780E6D-DA86-7A87-0F93-A4D9251FA8A4}.Release|Any CPU.ActiveCfg = Release|Any CPU
		{E4780E6D-DA86-7A87-0F93-A4D9251FA8A4}.Release|Any CPU.Build.0 = Release|Any CPU
		{EEDF92D8-895E-22F0-4AEF-E286D5821A6A}.Debug|Any CPU.ActiveCfg = Debug|Any CPU
		{EEDF92D8-895E-22F0-4AEF-E286D5821A6A}.Debug|Any CPU.Build.0 = Debug|Any CPU
		{EEDF92D8-895E-22F0-4AEF-E286D5821A6A}.Release|Any CPU.ActiveCfg = Release|Any CPU
		{EEDF92D8-895E-22F0-4AEF-E286D5821A6A}.Release|Any CPU.Build.0 = Release|Any CPU
		{EFF5FC86-0A77-FD60-0C90-18A1E0582133}.Debug|Any CPU.ActiveCfg = Debug|Any CPU
		{EFF5FC86-0A77-FD60-0C90-18A1E0582133}.Debug|Any CPU.Build.0 = Debug|Any CPU
		{EFF5FC86-0A77-FD60-0C90-18A1E0582133}.Release|Any CPU.ActiveCfg = Release|Any CPU
		{EFF5FC86-0A77-FD60-0C90-18A1E0582133}.Release|Any CPU.Build.0 = Release|Any CPU
		{5F32EF7B-BD61-BA82-BAD4-50839C5E2EBF}.Debug|Any CPU.ActiveCfg = Debug|Any CPU
		{5F32EF7B-BD61-BA82-BAD4-50839C5E2EBF}.Debug|Any CPU.Build.0 = Debug|Any CPU
		{5F32EF7B-BD61-BA82-BAD4-50839C5E2EBF}.Release|Any CPU.ActiveCfg = Release|Any CPU
		{5F32EF7B-BD61-BA82-BAD4-50839C5E2EBF}.Release|Any CPU.Build.0 = Release|Any CPU
		{AAF6ABC8-81D1-328B-E875-DE4F59355879}.Debug|Any CPU.ActiveCfg = Debug|Any CPU
		{AAF6ABC8-81D1-328B-E875-DE4F59355879}.Debug|Any CPU.Build.0 = Debug|Any CPU
		{AAF6ABC8-81D1-328B-E875-DE4F59355879}.Release|Any CPU.ActiveCfg = Release|Any CPU
		{AAF6ABC8-81D1-328B-E875-DE4F59355879}.Release|Any CPU.Build.0 = Release|Any CPU
		{DE9AB35F-6A68-ABE3-513D-3174DD238B3F}.Debug|Any CPU.ActiveCfg = Debug|Any CPU
		{DE9AB35F-6A68-ABE3-513D-3174DD238B3F}.Debug|Any CPU.Build.0 = Debug|Any CPU
		{DE9AB35F-6A68-ABE3-513D-3174DD238B3F}.Release|Any CPU.ActiveCfg = Release|Any CPU
		{DE9AB35F-6A68-ABE3-513D-3174DD238B3F}.Release|Any CPU.Build.0 = Release|Any CPU
		{D35BC410-EA4A-ECF3-405C-333B28EB3C29}.Debug|Any CPU.ActiveCfg = Debug|Any CPU
		{D35BC410-EA4A-ECF3-405C-333B28EB3C29}.Debug|Any CPU.Build.0 = Debug|Any CPU
		{D35BC410-EA4A-ECF3-405C-333B28EB3C29}.Release|Any CPU.ActiveCfg = Release|Any CPU
		{D35BC410-EA4A-ECF3-405C-333B28EB3C29}.Release|Any CPU.Build.0 = Release|Any CPU
		{F80391BA-1863-B0AD-765D-24D0275F2458}.Debug|Any CPU.ActiveCfg = Debug|Any CPU
		{F80391BA-1863-B0AD-765D-24D0275F2458}.Debug|Any CPU.Build.0 = Debug|Any CPU
		{F80391BA-1863-B0AD-765D-24D0275F2458}.Release|Any CPU.ActiveCfg = Release|Any CPU
		{F80391BA-1863-B0AD-765D-24D0275F2458}.Release|Any CPU.Build.0 = Release|Any CPU
		{CB024FD9-8954-B859-FE48-A2D7764CF0BD}.Debug|Any CPU.ActiveCfg = Debug|Any CPU
		{CB024FD9-8954-B859-FE48-A2D7764CF0BD}.Debug|Any CPU.Build.0 = Debug|Any CPU
		{CB024FD9-8954-B859-FE48-A2D7764CF0BD}.Release|Any CPU.ActiveCfg = Release|Any CPU
		{CB024FD9-8954-B859-FE48-A2D7764CF0BD}.Release|Any CPU.Build.0 = Release|Any CPU
		{158CB267-3258-643B-E610-C2E0D2DC3C08}.Debug|Any CPU.ActiveCfg = Debug|Any CPU
		{158CB267-3258-643B-E610-C2E0D2DC3C08}.Debug|Any CPU.Build.0 = Debug|Any CPU
		{158CB267-3258-643B-E610-C2E0D2DC3C08}.Release|Any CPU.ActiveCfg = Release|Any CPU
		{158CB267-3258-643B-E610-C2E0D2DC3C08}.Release|Any CPU.Build.0 = Release|Any CPU
		{615E4630-9F0A-F548-3A12-651D13D2449F}.Debug|Any CPU.ActiveCfg = Debug|Any CPU
		{615E4630-9F0A-F548-3A12-651D13D2449F}.Debug|Any CPU.Build.0 = Debug|Any CPU
		{615E4630-9F0A-F548-3A12-651D13D2449F}.Release|Any CPU.ActiveCfg = Release|Any CPU
		{615E4630-9F0A-F548-3A12-651D13D2449F}.Release|Any CPU.Build.0 = Release|Any CPU
		{639644A2-4777-E440-34D2-D7A61F068EE8}.Debug|Any CPU.ActiveCfg = Debug|Any CPU
		{639644A2-4777-E440-34D2-D7A61F068EE8}.Debug|Any CPU.Build.0 = Debug|Any CPU
		{639644A2-4777-E440-34D2-D7A61F068EE8}.Release|Any CPU.ActiveCfg = Release|Any CPU
		{639644A2-4777-E440-34D2-D7A61F068EE8}.Release|Any CPU.Build.0 = Release|Any CPU
		{30D6F05B-19A6-FEDF-7CBA-047C6F7D5816}.Debug|Any CPU.ActiveCfg = Debug|Any CPU
		{30D6F05B-19A6-FEDF-7CBA-047C6F7D5816}.Debug|Any CPU.Build.0 = Debug|Any CPU
		{30D6F05B-19A6-FEDF-7CBA-047C6F7D5816}.Release|Any CPU.ActiveCfg = Release|Any CPU
		{30D6F05B-19A6-FEDF-7CBA-047C6F7D5816}.Release|Any CPU.Build.0 = Release|Any CPU
		{5EC52580-0C12-4E2E-C854-5EA0EC92D7C8}.Debug|Any CPU.ActiveCfg = Debug|Any CPU
		{5EC52580-0C12-4E2E-C854-5EA0EC92D7C8}.Debug|Any CPU.Build.0 = Debug|Any CPU
		{5EC52580-0C12-4E2E-C854-5EA0EC92D7C8}.Release|Any CPU.ActiveCfg = Release|Any CPU
		{5EC52580-0C12-4E2E-C854-5EA0EC92D7C8}.Release|Any CPU.Build.0 = Release|Any CPU
		{B53B9B3D-E45B-040D-500D-4C4208356B05}.Debug|Any CPU.ActiveCfg = Debug|Any CPU
		{B53B9B3D-E45B-040D-500D-4C4208356B05}.Debug|Any CPU.Build.0 = Debug|Any CPU
		{B53B9B3D-E45B-040D-500D-4C4208356B05}.Release|Any CPU.ActiveCfg = Release|Any CPU
		{B53B9B3D-E45B-040D-500D-4C4208356B05}.Release|Any CPU.Build.0 = Release|Any CPU
		{933F9C72-36EE-D109-51CD-AE878CDC798B}.Debug|Any CPU.ActiveCfg = Debug|Any CPU
		{933F9C72-36EE-D109-51CD-AE878CDC798B}.Debug|Any CPU.Build.0 = Debug|Any CPU
		{933F9C72-36EE-D109-51CD-AE878CDC798B}.Release|Any CPU.ActiveCfg = Release|Any CPU
		{933F9C72-36EE-D109-51CD-AE878CDC798B}.Release|Any CPU.Build.0 = Release|Any CPU
		{25497744-E410-7933-6AFA-5FE48943E9CD}.Debug|Any CPU.ActiveCfg = Debug|Any CPU
		{25497744-E410-7933-6AFA-5FE48943E9CD}.Debug|Any CPU.Build.0 = Debug|Any CPU
		{25497744-E410-7933-6AFA-5FE48943E9CD}.Release|Any CPU.ActiveCfg = Release|Any CPU
		{25497744-E410-7933-6AFA-5FE48943E9CD}.Release|Any CPU.Build.0 = Release|Any CPU
		{86ADF5C5-E098-20E6-7E02-BABF617F08ED}.Debug|Any CPU.ActiveCfg = Debug|Any CPU
		{86ADF5C5-E098-20E6-7E02-BABF617F08ED}.Debug|Any CPU.Build.0 = Debug|Any CPU
		{86ADF5C5-E098-20E6-7E02-BABF617F08ED}.Release|Any CPU.ActiveCfg = Release|Any CPU
		{86ADF5C5-E098-20E6-7E02-BABF617F08ED}.Release|Any CPU.Build.0 = Release|Any CPU
	EndGlobalSection
	GlobalSection(SolutionProperties) = preSolution
		HideSolutionNode = FALSE
	EndGlobalSection
	GlobalSection(NestedProjects) = preSolution
		{BABBA327-0703-9265-95EF-5F45E957D791} = {A80DBF83-DCD5-128A-3B07-83B9CCE4E82C}
		{46A98545-F331-1859-BD4F-ED9BDC1DDC88} = {A80DBF83-DCD5-128A-3B07-83B9CCE4E82C}
		{ACA7E6BE-1CED-AFDA-B8A2-EA744D3A6CFC} = {C00F9AE5-2C6C-83EA-96B4-ED102211EBFC}
		{01E6A200-60F7-7006-2A6F-2B97A33D128D} = {C00F9AE5-2C6C-83EA-96B4-ED102211EBFC}
		{BAD0CD5C-AA67-44F9-4B6E-37C5DD4A176B} = {C00F9AE5-2C6C-83EA-96B4-ED102211EBFC}
		{4A3976FA-35B7-4E3F-01F4-C29F245D6FE6} = {C00F9AE5-2C6C-83EA-96B4-ED102211EBFC}
		{D14FE1DE-4FD1-8DCF-3AAA-91D7F30E82BE} = {C00F9AE5-2C6C-83EA-96B4-ED102211EBFC}
		{E4780E6D-DA86-7A87-0F93-A4D9251FA8A4} = {C00F9AE5-2C6C-83EA-96B4-ED102211EBFC}
		{EEDF92D8-895E-22F0-4AEF-E286D5821A6A} = {C00F9AE5-2C6C-83EA-96B4-ED102211EBFC}
		{AA600CCB-7B86-7B5E-8A0C-3F9D5EF1174C} = {A80DBF83-DCD5-128A-3B07-83B9CCE4E82C}
		{EFF5FC86-0A77-FD60-0C90-18A1E0582133} = {AA600CCB-7B86-7B5E-8A0C-3F9D5EF1174C}
		{0113D309-5187-4BA8-2316-0A37612D9C80} = {A80DBF83-DCD5-128A-3B07-83B9CCE4E82C}
		{5F32EF7B-BD61-BA82-BAD4-50839C5E2EBF} = {0113D309-5187-4BA8-2316-0A37612D9C80}
		{7407C8E6-C749-AC82-E443-796A5CB93465} = {4B70F044-4820-6625-6405-8DBC0E11D580}
		{AAF6ABC8-81D1-328B-E875-DE4F59355879} = {7407C8E6-C749-AC82-E443-796A5CB93465}
		{DE9AB35F-6A68-ABE3-513D-3174DD238B3F} = {7407C8E6-C749-AC82-E443-796A5CB93465}
		{D35BC410-EA4A-ECF3-405C-333B28EB3C29} = {7407C8E6-C749-AC82-E443-796A5CB93465}
		{F80391BA-1863-B0AD-765D-24D0275F2458} = {7407C8E6-C749-AC82-E443-796A5CB93465}
		{CB024FD9-8954-B859-FE48-A2D7764CF0BD} = {7407C8E6-C749-AC82-E443-796A5CB93465}
		{158CB267-3258-643B-E610-C2E0D2DC3C08} = {7407C8E6-C749-AC82-E443-796A5CB93465}
		{901C50CD-58DC-2EBD-6EFC-FBF6A1536DCE} = {4B70F044-4820-6625-6405-8DBC0E11D580}
		{615E4630-9F0A-F548-3A12-651D13D2449F} = {901C50CD-58DC-2EBD-6EFC-FBF6A1536DCE}
		{639644A2-4777-E440-34D2-D7A61F068EE8} = {901C50CD-58DC-2EBD-6EFC-FBF6A1536DCE}
		{30D6F05B-19A6-FEDF-7CBA-047C6F7D5816} = {901C50CD-58DC-2EBD-6EFC-FBF6A1536DCE}
		{5EC52580-0C12-4E2E-C854-5EA0EC92D7C8} = {901C50CD-58DC-2EBD-6EFC-FBF6A1536DCE}
		{B53B9B3D-E45B-040D-500D-4C4208356B05} = {901C50CD-58DC-2EBD-6EFC-FBF6A1536DCE}
		{933F9C72-36EE-D109-51CD-AE878CDC798B} = {901C50CD-58DC-2EBD-6EFC-FBF6A1536DCE}
		{25497744-E410-7933-6AFA-5FE48943E9CD} = {901C50CD-58DC-2EBD-6EFC-FBF6A1536DCE}
		{86ADF5C5-E098-20E6-7E02-BABF617F08ED} = {901C50CD-58DC-2EBD-6EFC-FBF6A1536DCE}
	EndGlobalSection
	GlobalSection(ExtensibilityGlobals) = postSolution
		SolutionGuid = {85BA9083-4972-4282-8FF4-2C75E4BA4E5C}
	EndGlobalSection
EndGlobal
