
Microsoft Visual Studio Solution File, Format Version 12.00
# Visual Studio Version 17
VisualStudioVersion = 17.0.31903.59
MinimumVisualStudioVersion = 10.0.40219.1
Project("{FAE04EC0-301F-11D3-BF4B-00C04F79EFBC}") = "StudentPortal.Api", "..\StudentPortal.Api\StudentPortal.Api.csproj", "{D4057C18-A6E5-470D-8EAC-0688010A6F06}"
EndProject
Project("{FAE04EC0-301F-11D3-BF4B-00C04F79EFBC}") = "StudentPortal.Mvc", "StudentPortal.Mvc.csproj", "{CAABE1F3-AE94-4910-B5A4-7AE9D70E4AE3}"
EndProject
Global
	GlobalSection(SolutionConfigurationPlatforms) = preSolution
		Debug|Any CPU = Debug|Any CPU
		Release|Any CPU = Release|Any CPU
	EndGlobalSection
	GlobalSection(ProjectConfigurationPlatforms) = postSolution
		{D4057C18-A6E5-470D-8EAC-0688010A6F06}.Debug|Any CPU.ActiveCfg = Debug|Any CPU
		{D4057C18-A6E5-470D-8EAC-0688010A6F06}.Debug|Any CPU.Build.0 = Debug|Any CPU
		{D4057C18-A6E5-470D-8EAC-0688010A6F06}.Release|Any CPU.ActiveCfg = Release|Any CPU
		{D4057C18-A6E5-470D-8EAC-0688010A6F06}.Release|Any CPU.Build.0 = Release|Any CPU
		{CAABE1F3-AE94-4910-B5A4-7AE9D70E4AE3}.Debug|Any CPU.ActiveCfg = Debug|Any CPU
		{CAABE1F3-AE94-4910-B5A4-7AE9D70E4AE3}.Debug|Any CPU.Build.0 = Debug|Any CPU
		{CAABE1F3-AE94-4910-B5A4-7AE9D70E4AE3}.Release|Any CPU.ActiveCfg = Release|Any CPU
		{CAABE1F3-AE94-4910-B5A4-7AE9D70E4AE3}.Release|Any CPU.Build.0 = Release|Any CPU
	EndGlobalSection
	GlobalSection(SolutionProperties) = preSolution
		HideSolutionNode = FALSE
	EndGlobalSection
EndGlobal
